
Microsoft Visual Studio Solution File, Format Version 11.00
# Visual Studio 2010
Project("{8BC9CEB8-8B4A-11D0-8D11-00A0C91BC942}") = "ThreeExample", "ThreeExample\ThreeExample.vcxproj", "{D210B4C4-D1DD-4B0A-BCBA-4946B290B281}"
EndProject
Global
	GlobalSection(SolutionConfigurationPlatforms) = preSolution
		Debug|Win32 = Debug|Win32
		Release|Win32 = Release|Win32
	EndGlobalSection
	GlobalSection(ProjectConfigurationPlatforms) = postSolution
		{D210B4C4-D1DD-4B0A-BCBA-4946B290B281}.Debug|Win32.ActiveCfg = Debug|Win32
		{D210B4C4-D1DD-4B0A-BCBA-4946B290B281}.Debug|Win32.Build.0 = Debug|Win32
		{D210B4C4-D1DD-4B0A-BCBA-4946B290B281}.Release|Win32.ActiveCfg = Release|Win32
		{D210B4C4-D1DD-4B0A-BCBA-4946B290B281}.Release|Win32.Build.0 = Release|Win32
	EndGlobalSection
	GlobalSection(SolutionProperties) = preSolution
		HideSolutionNode = FALSE
	EndGlobalSection
EndGlobal
